
Microsoft Visual Studio Solution File, Format Version 12.00
# Visual Studio Version 17
VisualStudioVersion = 17.5.002.0
MinimumVisualStudioVersion = 10.0.40219.1
Project("{9A19103F-16F7-4668-BE54-9A1E7A4F7556}") = "dotnetCore", "dotnetCore\dotnetCore.csproj", "{6C1D25D4-0E79-4993-90CC-2FE4461BCBAB}"
EndProject
Global
	GlobalSection(SolutionConfigurationPlatforms) = preSolution
		Debug|Any CPU = Debug|Any CPU
		Release|Any CPU = Release|Any CPU
	EndGlobalSection
	GlobalSection(ProjectConfigurationPlatforms) = postSolution
		{6C1D25D4-0E79-4993-90CC-2FE4461BCBAB}.Debug|Any CPU.ActiveCfg = Debug|Any CPU
		{6C1D25D4-0E79-4993-90CC-2FE4461BCBAB}.Debug|Any CPU.Build.0 = Debug|Any CPU
		{6C1D25D4-0E79-4993-90CC-2FE4461BCBAB}.Release|Any CPU.ActiveCfg = Release|Any CPU
		{6C1D25D4-0E79-4993-90CC-2FE4461BCBAB}.Release|Any CPU.Build.0 = Release|Any CPU
	EndGlobalSection
	GlobalSection(SolutionProperties) = preSolution
		HideSolutionNode = FALSE
	EndGlobalSection
	GlobalSection(ExtensibilityGlobals) = postSolution
		SolutionGuid = {503E58B2-0960-402D-9958-F3615C064D0A}
	EndGlobalSection
EndGlobal
